
Microsoft Visual Studio Solution File, Format Version 12.00
# Visual Studio 15
VisualStudioVersion = 15.0.26730.12
MinimumVisualStudioVersion = 10.0.40219.1
Project("{FAE04EC0-301F-11D3-BF4B-00C04F79EFBC}") = "Practica_3.Android", "Practica_3\Practica_3.Android\Practica_3.Android.csproj", "{741A6746-FD05-4C44-AD72-67759D375033}"
EndProject
Project("{FAE04EC0-301F-11D3-BF4B-00C04F79EFBC}") = "Practica_3", "Practica_3\Practica_3\Practica_3.csproj", "{E2AFBEE6-370F-41BF-AF9C-F39972FF7F6A}"
EndProject
Project("{FAE04EC0-301F-11D3-BF4B-00C04F79EFBC}") = "Practica_3.UWP", "Practica_3\Practica_3.UWP\Practica_3.UWP.csproj", "{FFE886B2-DD8B-4A51-92D6-7865220344E0}"
EndProject
Project("{FAE04EC0-301F-11D3-BF4B-00C04F79EFBC}") = "Practica_3.iOS", "Practica_3\Practica_3.iOS\Practica_3.iOS.csproj", "{BBE49318-2DDE-4B97-A97E-DA03D5CA4F05}"
EndProject
Global
	GlobalSection(SolutionConfigurationPlatforms) = preSolution
		Ad-Hoc|Any CPU = Ad-Hoc|Any CPU
		Ad-Hoc|ARM = Ad-Hoc|ARM
		Ad-Hoc|iPhone = Ad-Hoc|iPhone
		Ad-Hoc|iPhoneSimulator = Ad-Hoc|iPhoneSimulator
		Ad-Hoc|x64 = Ad-Hoc|x64
		Ad-Hoc|x86 = Ad-Hoc|x86
		AppStore|Any CPU = AppStore|Any CPU
		AppStore|ARM = AppStore|ARM
		AppStore|iPhone = AppStore|iPhone
		AppStore|iPhoneSimulator = AppStore|iPhoneSimulator
		AppStore|x64 = AppStore|x64
		AppStore|x86 = AppStore|x86
		Debug|Any CPU = Debug|Any CPU
		Debug|ARM = Debug|ARM
		Debug|iPhone = Debug|iPhone
		Debug|iPhoneSimulator = Debug|iPhoneSimulator
		Debug|x64 = Debug|x64
		Debug|x86 = Debug|x86
		Release|Any CPU = Release|Any CPU
		Release|ARM = Release|ARM
		Release|iPhone = Release|iPhone
		Release|iPhoneSimulator = Release|iPhoneSimulator
		Release|x64 = Release|x64
		Release|x86 = Release|x86
	EndGlobalSection
	GlobalSection(ProjectConfigurationPlatforms) = postSolution
		{741A6746-FD05-4C44-AD72-67759D375033}.Ad-Hoc|Any CPU.ActiveCfg = Release|Any CPU
		{741A6746-FD05-4C44-AD72-67759D375033}.Ad-Hoc|Any CPU.Build.0 = Release|Any CPU
		{741A6746-FD05-4C44-AD72-67759D375033}.Ad-Hoc|Any CPU.Deploy.0 = Release|Any CPU
		{741A6746-FD05-4C44-AD72-67759D375033}.Ad-Hoc|ARM.ActiveCfg = Release|Any CPU
		{741A6746-FD05-4C44-AD72-67759D375033}.Ad-Hoc|ARM.Build.0 = Release|Any CPU
		{741A6746-FD05-4C44-AD72-67759D375033}.Ad-Hoc|ARM.Deploy.0 = Release|Any CPU
		{741A6746-FD05-4C44-AD72-67759D375033}.Ad-Hoc|iPhone.ActiveCfg = Release|Any CPU
		{741A6746-FD05-4C44-AD72-67759D375033}.Ad-Hoc|iPhone.Build.0 = Release|Any CPU
		{741A6746-FD05-4C44-AD72-67759D375033}.Ad-Hoc|iPhone.Deploy.0 = Release|Any CPU
		{741A6746-FD05-4C44-AD72-67759D375033}.Ad-Hoc|iPhoneSimulator.ActiveCfg = Release|Any CPU
		{741A6746-FD05-4C44-AD72-67759D375033}.Ad-Hoc|iPhoneSimulator.Build.0 = Release|Any CPU
		{741A6746-FD05-4C44-AD72-67759D375033}.Ad-Hoc|iPhoneSimulator.Deploy.0 = Release|Any CPU
		{741A6746-FD05-4C44-AD72-67759D375033}.Ad-Hoc|x64.ActiveCfg = Release|Any CPU
		{741A6746-FD05-4C44-AD72-67759D375033}.Ad-Hoc|x64.Build.0 = Release|Any CPU
		{741A6746-FD05-4C44-AD72-67759D375033}.Ad-Hoc|x64.Deploy.0 = Release|Any CPU
		{741A6746-FD05-4C44-AD72-67759D375033}.Ad-Hoc|x86.ActiveCfg = Release|Any CPU
		{741A6746-FD05-4C44-AD72-67759D375033}.Ad-Hoc|x86.Build.0 = Release|Any CPU
		{741A6746-FD05-4C44-AD72-67759D375033}.Ad-Hoc|x86.Deploy.0 = Release|Any CPU
		{741A6746-FD05-4C44-AD72-67759D375033}.AppStore|Any CPU.ActiveCfg = Release|Any CPU
		{741A6746-FD05-4C44-AD72-67759D375033}.AppStore|Any CPU.Build.0 = Release|Any CPU
		{741A6746-FD05-4C44-AD72-67759D375033}.AppStore|Any CPU.Deploy.0 = Release|Any CPU
		{741A6746-FD05-4C44-AD72-67759D375033}.AppStore|ARM.ActiveCfg = Release|Any CPU
		{741A6746-FD05-4C44-AD72-67759D375033}.AppStore|ARM.Build.0 = Release|Any CPU
		{741A6746-FD05-4C44-AD72-67759D375033}.AppStore|ARM.Deploy.0 = Release|Any CPU
		{741A6746-FD05-4C44-AD72-67759D375033}.AppStore|iPhone.ActiveCfg = Release|Any CPU
		{741A6746-FD05-4C44-AD72-67759D375033}.AppStore|iPhone.Build.0 = Release|Any CPU
		{741A6746-FD05-4C44-AD72-67759D375033}.AppStore|iPhone.Deploy.0 = Release|Any CPU
		{741A6746-FD05-4C44-AD72-67759D375033}.AppStore|iPhoneSimulator.ActiveCfg = Release|Any CPU
		{741A6746-FD05-4C44-AD72-67759D375033}.AppStore|iPhoneSimulator.Build.0 = Release|Any CPU
		{741A6746-FD05-4C44-AD72-67759D375033}.AppStore|iPhoneSimulator.Deploy.0 = Release|Any CPU
		{741A6746-FD05-4C44-AD72-67759D375033}.AppStore|x64.ActiveCfg = Release|Any CPU
		{741A6746-FD05-4C44-AD72-67759D375033}.AppStore|x64.Build.0 = Release|Any CPU
		{741A6746-FD05-4C44-AD72-67759D375033}.AppStore|x64.Deploy.0 = Release|Any CPU
		{741A6746-FD05-4C44-AD72-67759D375033}.AppStore|x86.ActiveCfg = Release|Any CPU
		{741A6746-FD05-4C44-AD72-67759D375033}.AppStore|x86.Build.0 = Release|Any CPU
		{741A6746-FD05-4C44-AD72-67759D375033}.AppStore|x86.Deploy.0 = Release|Any CPU
		{741A6746-FD05-4C44-AD72-67759D375033}.Debug|Any CPU.ActiveCfg = Debug|Any CPU
		{741A6746-FD05-4C44-AD72-67759D375033}.Debug|Any CPU.Build.0 = Debug|Any CPU
		{741A6746-FD05-4C44-AD72-67759D375033}.Debug|Any CPU.Deploy.0 = Debug|Any CPU
		{741A6746-FD05-4C44-AD72-67759D375033}.Debug|ARM.ActiveCfg = Debug|Any CPU
		{741A6746-FD05-4C44-AD72-67759D375033}.Debug|ARM.Build.0 = Debug|Any CPU
		{741A6746-FD05-4C44-AD72-67759D375033}.Debug|ARM.Deploy.0 = Debug|Any CPU
		{741A6746-FD05-4C44-AD72-67759D375033}.Debug|iPhone.ActiveCfg = Debug|Any CPU
		{741A6746-FD05-4C44-AD72-67759D375033}.Debug|iPhone.Build.0 = Debug|Any CPU
		{741A6746-FD05-4C44-AD72-67759D375033}.Debug|iPhone.Deploy.0 = Debug|Any CPU
		{741A6746-FD05-4C44-AD72-67759D375033}.Debug|iPhoneSimulator.ActiveCfg = Debug|Any CPU
		{741A6746-FD05-4C44-AD72-67759D375033}.Debug|iPhoneSimulator.Build.0 = Debug|Any CPU
		{741A6746-FD05-4C44-AD72-67759D375033}.Debug|iPhoneSimulator.Deploy.0 = Debug|Any CPU
		{741A6746-FD05-4C44-AD72-67759D375033}.Debug|x64.ActiveCfg = Debug|Any CPU
		{741A6746-FD05-4C44-AD72-67759D375033}.Debug|x64.Build.0 = Debug|Any CPU
		{741A6746-FD05-4C44-AD72-67759D375033}.Debug|x64.Deploy.0 = Debug|Any CPU
		{741A6746-FD05-4C44-AD72-67759D375033}.Debug|x86.ActiveCfg = Debug|Any CPU
		{741A6746-FD05-4C44-AD72-67759D375033}.Debug|x86.Build.0 = Debug|Any CPU
		{741A6746-FD05-4C44-AD72-67759D375033}.Debug|x86.Deploy.0 = Debug|Any CPU
		{741A6746-FD05-4C44-AD72-67759D375033}.Release|Any CPU.ActiveCfg = Release|Any CPU
		{741A6746-FD05-4C44-AD72-67759D375033}.Release|Any CPU.Build.0 = Release|Any CPU
		{741A6746-FD05-4C44-AD72-67759D375033}.Release|Any CPU.Deploy.0 = Release|Any CPU
		{741A6746-FD05-4C44-AD72-67759D375033}.Release|ARM.ActiveCfg = Release|Any CPU
		{741A6746-FD05-4C44-AD72-67759D375033}.Release|ARM.Build.0 = Release|Any CPU
		{741A6746-FD05-4C44-AD72-67759D375033}.Release|ARM.Deploy.0 = Release|Any CPU
		{741A6746-FD05-4C44-AD72-67759D375033}.Release|iPhone.ActiveCfg = Release|Any CPU
		{741A6746-FD05-4C44-AD72-67759D375033}.Release|iPhone.Build.0 = Release|Any CPU
		{741A6746-FD05-4C44-AD72-67759D375033}.Release|iPhone.Deploy.0 = Release|Any CPU
		{741A6746-FD05-4C44-AD72-67759D375033}.Release|iPhoneSimulator.ActiveCfg = Release|Any CPU
		{741A6746-FD05-4C44-AD72-67759D375033}.Release|iPhoneSimulator.Build.0 = Release|Any CPU
		{741A6746-FD05-4C44-AD72-67759D375033}.Release|iPhoneSimulator.Deploy.0 = Release|Any CPU
		{741A6746-FD05-4C44-AD72-67759D375033}.Release|x64.ActiveCfg = Release|Any CPU
		{741A6746-FD05-4C44-AD72-67759D375033}.Release|x64.Build.0 = Release|Any CPU
		{741A6746-FD05-4C44-AD72-67759D375033}.Release|x64.Deploy.0 = Release|Any CPU
		{741A6746-FD05-4C44-AD72-67759D375033}.Release|x86.ActiveCfg = Release|Any CPU
		{741A6746-FD05-4C44-AD72-67759D375033}.Release|x86.Build.0 = Release|Any CPU
		{741A6746-FD05-4C44-AD72-67759D375033}.Release|x86.Deploy.0 = Release|Any CPU
		{E2AFBEE6-370F-41BF-AF9C-F39972FF7F6A}.Ad-Hoc|Any CPU.ActiveCfg = Release|Any CPU
		{E2AFBEE6-370F-41BF-AF9C-F39972FF7F6A}.Ad-Hoc|Any CPU.Build.0 = Release|Any CPU
		{E2AFBEE6-370F-41BF-AF9C-F39972FF7F6A}.Ad-Hoc|ARM.ActiveCfg = Release|Any CPU
		{E2AFBEE6-370F-41BF-AF9C-F39972FF7F6A}.Ad-Hoc|ARM.Build.0 = Release|Any CPU
		{E2AFBEE6-370F-41BF-AF9C-F39972FF7F6A}.Ad-Hoc|iPhone.ActiveCfg = Release|Any CPU
		{E2AFBEE6-370F-41BF-AF9C-F39972FF7F6A}.Ad-Hoc|iPhone.Build.0 = Release|Any CPU
		{E2AFBEE6-370F-41BF-AF9C-F39972FF7F6A}.Ad-Hoc|iPhoneSimulator.ActiveCfg = Release|Any CPU
		{E2AFBEE6-370F-41BF-AF9C-F39972FF7F6A}.Ad-Hoc|iPhoneSimulator.Build.0 = Release|Any CPU
		{E2AFBEE6-370F-41BF-AF9C-F39972FF7F6A}.Ad-Hoc|x64.ActiveCfg = Release|Any CPU
		{E2AFBEE6-370F-41BF-AF9C-F39972FF7F6A}.Ad-Hoc|x64.Build.0 = Release|Any CPU
		{E2AFBEE6-370F-41BF-AF9C-F39972FF7F6A}.Ad-Hoc|x86.ActiveCfg = Release|Any CPU
		{E2AFBEE6-370F-41BF-AF9C-F39972FF7F6A}.Ad-Hoc|x86.Build.0 = Release|Any CPU
		{E2AFBEE6-370F-41BF-AF9C-F39972FF7F6A}.AppStore|Any CPU.ActiveCfg = Release|Any CPU
		{E2AFBEE6-370F-41BF-AF9C-F39972FF7F6A}.AppStore|Any CPU.Build.0 = Release|Any CPU
		{E2AFBEE6-370F-41BF-AF9C-F39972FF7F6A}.AppStore|ARM.ActiveCfg = Release|Any CPU
		{E2AFBEE6-370F-41BF-AF9C-F39972FF7F6A}.AppStore|ARM.Build.0 = Release|Any CPU
		{E2AFBEE6-370F-41BF-AF9C-F39972FF7F6A}.AppStore|iPhone.ActiveCfg = Release|Any CPU
		{E2AFBEE6-370F-41BF-AF9C-F39972FF7F6A}.AppStore|iPhone.Build.0 = Release|Any CPU
		{E2AFBEE6-370F-41BF-AF9C-F39972FF7F6A}.AppStore|iPhoneSimulator.ActiveCfg = Release|Any CPU
		{E2AFBEE6-370F-41BF-AF9C-F39972FF7F6A}.AppStore|iPhoneSimulator.Build.0 = Release|Any CPU
		{E2AFBEE6-370F-41BF-AF9C-F39972FF7F6A}.AppStore|x64.ActiveCfg = Release|Any CPU
		{E2AFBEE6-370F-41BF-AF9C-F39972FF7F6A}.AppStore|x64.Build.0 = Release|Any CPU
		{E2AFBEE6-370F-41BF-AF9C-F39972FF7F6A}.AppStore|x86.ActiveCfg = Release|Any CPU
		{E2AFBEE6-370F-41BF-AF9C-F39972FF7F6A}.AppStore|x86.Build.0 = Release|Any CPU
		{E2AFBEE6-370F-41BF-AF9C-F39972FF7F6A}.Debug|Any CPU.ActiveCfg = Debug|Any CPU
		{E2AFBEE6-370F-41BF-AF9C-F39972FF7F6A}.Debug|Any CPU.Build.0 = Debug|Any CPU
		{E2AFBEE6-370F-41BF-AF9C-F39972FF7F6A}.Debug|ARM.ActiveCfg = Debug|Any CPU
		{E2AFBEE6-370F-41BF-AF9C-F39972FF7F6A}.Debug|ARM.Build.0 = Debug|Any CPU
		{E2AFBEE6-370F-41BF-AF9C-F39972FF7F6A}.Debug|iPhone.ActiveCfg = Debug|Any CPU
		{E2AFBEE6-370F-41BF-AF9C-F39972FF7F6A}.Debug|iPhone.Build.0 = Debug|Any CPU
		{E2AFBEE6-370F-41BF-AF9C-F39972FF7F6A}.Debug|iPhoneSimulator.ActiveCfg = Debug|Any CPU
		{E2AFBEE6-370F-41BF-AF9C-F39972FF7F6A}.Debug|iPhoneSimulator.Build.0 = Debug|Any CPU
		{E2AFBEE6-370F-41BF-AF9C-F39972FF7F6A}.Debug|x64.ActiveCfg = Debug|Any CPU
		{E2AFBEE6-370F-41BF-AF9C-F39972FF7F6A}.Debug|x64.Build.0 = Debug|Any CPU
		{E2AFBEE6-370F-41BF-AF9C-F39972FF7F6A}.Debug|x86.ActiveCfg = Debug|Any CPU
		{E2AFBEE6-370F-41BF-AF9C-F39972FF7F6A}.Debug|x86.Build.0 = Debug|Any CPU
		{E2AFBEE6-370F-41BF-AF9C-F39972FF7F6A}.Release|Any CPU.ActiveCfg = Release|Any CPU
		{E2AFBEE6-370F-41BF-AF9C-F39972FF7F6A}.Release|Any CPU.Build.0 = Release|Any CPU
		{E2AFBEE6-370F-41BF-AF9C-F39972FF7F6A}.Release|ARM.ActiveCfg = Release|Any CPU
		{E2AFBEE6-370F-41BF-AF9C-F39972FF7F6A}.Release|ARM.Build.0 = Release|Any CPU
		{E2AFBEE6-370F-41BF-AF9C-F39972FF7F6A}.Release|iPhone.ActiveCfg = Release|Any CPU
		{E2AFBEE6-370F-41BF-AF9C-F39972FF7F6A}.Release|iPhone.Build.0 = Release|Any CPU
		{E2AFBEE6-370F-41BF-AF9C-F39972FF7F6A}.Release|iPhoneSimulator.ActiveCfg = Release|Any CPU
		{E2AFBEE6-370F-41BF-AF9C-F39972FF7F6A}.Release|iPhoneSimulator.Build.0 = Release|Any CPU
		{E2AFBEE6-370F-41BF-AF9C-F39972FF7F6A}.Release|x64.ActiveCfg = Release|Any CPU
		{E2AFBEE6-370F-41BF-AF9C-F39972FF7F6A}.Release|x64.Build.0 = Release|Any CPU
		{E2AFBEE6-370F-41BF-AF9C-F39972FF7F6A}.Release|x86.ActiveCfg = Release|Any CPU
		{E2AFBEE6-370F-41BF-AF9C-F39972FF7F6A}.Release|x86.Build.0 = Release|Any CPU
		{FFE886B2-DD8B-4A51-92D6-7865220344E0}.Ad-Hoc|Any CPU.ActiveCfg = Release|x86
		{FFE886B2-DD8B-4A51-92D6-7865220344E0}.Ad-Hoc|Any CPU.Build.0 = Release|x86
		{FFE886B2-DD8B-4A51-92D6-7865220344E0}.Ad-Hoc|Any CPU.Deploy.0 = Release|x86
		{FFE886B2-DD8B-4A51-92D6-7865220344E0}.Ad-Hoc|ARM.ActiveCfg = Release|ARM
		{FFE886B2-DD8B-4A51-92D6-7865220344E0}.Ad-Hoc|ARM.Build.0 = Release|ARM
		{FFE886B2-DD8B-4A51-92D6-7865220344E0}.Ad-Hoc|ARM.Deploy.0 = Release|ARM
		{FFE886B2-DD8B-4A51-92D6-7865220344E0}.Ad-Hoc|iPhone.ActiveCfg = Release|x86
		{FFE886B2-DD8B-4A51-92D6-7865220344E0}.Ad-Hoc|iPhone.Build.0 = Release|x86
		{FFE886B2-DD8B-4A51-92D6-7865220344E0}.Ad-Hoc|iPhone.Deploy.0 = Release|x86
		{FFE886B2-DD8B-4A51-92D6-7865220344E0}.Ad-Hoc|iPhoneSimulator.ActiveCfg = Release|x86
		{FFE886B2-DD8B-4A51-92D6-7865220344E0}.Ad-Hoc|iPhoneSimulator.Build.0 = Release|x86
		{FFE886B2-DD8B-4A51-92D6-7865220344E0}.Ad-Hoc|iPhoneSimulator.Deploy.0 = Release|x86
		{FFE886B2-DD8B-4A51-92D6-7865220344E0}.Ad-Hoc|x64.ActiveCfg = Release|x64
		{FFE886B2-DD8B-4A51-92D6-7865220344E0}.Ad-Hoc|x64.Build.0 = Release|x64
		{FFE886B2-DD8B-4A51-92D6-7865220344E0}.Ad-Hoc|x64.Deploy.0 = Release|x64
		{FFE886B2-DD8B-4A51-92D6-7865220344E0}.Ad-Hoc|x86.ActiveCfg = Release|x86
		{FFE886B2-DD8B-4A51-92D6-7865220344E0}.Ad-Hoc|x86.Build.0 = Release|x86
		{FFE886B2-DD8B-4A51-92D6-7865220344E0}.Ad-Hoc|x86.Deploy.0 = Release|x86
		{FFE886B2-DD8B-4A51-92D6-7865220344E0}.AppStore|Any CPU.ActiveCfg = Release|x86
		{FFE886B2-DD8B-4A51-92D6-7865220344E0}.AppStore|Any CPU.Build.0 = Release|x86
		{FFE886B2-DD8B-4A51-92D6-7865220344E0}.AppStore|Any CPU.Deploy.0 = Release|x86
		{FFE886B2-DD8B-4A51-92D6-7865220344E0}.AppStore|ARM.ActiveCfg = Release|ARM
		{FFE886B2-DD8B-4A51-92D6-7865220344E0}.AppStore|ARM.Build.0 = Release|ARM
		{FFE886B2-DD8B-4A51-92D6-7865220344E0}.AppStore|ARM.Deploy.0 = Release|ARM
		{FFE886B2-DD8B-4A51-92D6-7865220344E0}.AppStore|iPhone.ActiveCfg = Release|x86
		{FFE886B2-DD8B-4A51-92D6-7865220344E0}.AppStore|iPhone.Build.0 = Release|x86
		{FFE886B2-DD8B-4A51-92D6-7865220344E0}.AppStore|iPhone.Deploy.0 = Release|x86
		{FFE886B2-DD8B-4A51-92D6-7865220344E0}.AppStore|iPhoneSimulator.ActiveCfg = Release|x86
		{FFE886B2-DD8B-4A51-92D6-7865220344E0}.AppStore|iPhoneSimulator.Build.0 = Release|x86
		{FFE886B2-DD8B-4A51-92D6-7865220344E0}.AppStore|iPhoneSimulator.Deploy.0 = Release|x86
		{FFE886B2-DD8B-4A51-92D6-7865220344E0}.AppStore|x64.ActiveCfg = Release|x64
		{FFE886B2-DD8B-4A51-92D6-7865220344E0}.AppStore|x64.Build.0 = Release|x64
		{FFE886B2-DD8B-4A51-92D6-7865220344E0}.AppStore|x64.Deploy.0 = Release|x64
		{FFE886B2-DD8B-4A51-92D6-7865220344E0}.AppStore|x86.ActiveCfg = Release|x86
		{FFE886B2-DD8B-4A51-92D6-7865220344E0}.AppStore|x86.Build.0 = Release|x86
		{FFE886B2-DD8B-4A51-92D6-7865220344E0}.AppStore|x86.Deploy.0 = Release|x86
		{FFE886B2-DD8B-4A51-92D6-7865220344E0}.Debug|Any CPU.ActiveCfg = Debug|x86
		{FFE886B2-DD8B-4A51-92D6-7865220344E0}.Debug|ARM.ActiveCfg = Debug|ARM
		{FFE886B2-DD8B-4A51-92D6-7865220344E0}.Debug|ARM.Build.0 = Debug|ARM
		{FFE886B2-DD8B-4A51-92D6-7865220344E0}.Debug|ARM.Deploy.0 = Debug|ARM
		{FFE886B2-DD8B-4A51-92D6-7865220344E0}.Debug|iPhone.ActiveCfg = Debug|x86
		{FFE886B2-DD8B-4A51-92D6-7865220344E0}.Debug|iPhoneSimulator.ActiveCfg = Debug|x86
		{FFE886B2-DD8B-4A51-92D6-7865220344E0}.Debug|x64.ActiveCfg = Debug|x64
		{FFE886B2-DD8B-4A51-92D6-7865220344E0}.Debug|x64.Build.0 = Debug|x64
		{FFE886B2-DD8B-4A51-92D6-7865220344E0}.Debug|x64.Deploy.0 = Debug|x64
		{FFE886B2-DD8B-4A51-92D6-7865220344E0}.Debug|x86.ActiveCfg = Debug|x86
		{FFE886B2-DD8B-4A51-92D6-7865220344E0}.Debug|x86.Build.0 = Debug|x86
		{FFE886B2-DD8B-4A51-92D6-7865220344E0}.Debug|x86.Deploy.0 = Debug|x86
		{FFE886B2-DD8B-4A51-92D6-7865220344E0}.Release|Any CPU.ActiveCfg = Release|x86
		{FFE886B2-DD8B-4A51-92D6-7865220344E0}.Release|ARM.ActiveCfg = Release|ARM
		{FFE886B2-DD8B-4A51-92D6-7865220344E0}.Release|ARM.Build.0 = Release|ARM
		{FFE886B2-DD8B-4A51-92D6-7865220344E0}.Release|ARM.Deploy.0 = Release|ARM
		{FFE886B2-DD8B-4A51-92D6-7865220344E0}.Release|iPhone.ActiveCfg = Release|x86
		{FFE886B2-DD8B-4A51-92D6-7865220344E0}.Release|iPhoneSimulator.ActiveCfg = Release|x86
		{FFE886B2-DD8B-4A51-92D6-7865220344E0}.Release|x64.ActiveCfg = Release|x64
		{FFE886B2-DD8B-4A51-92D6-7865220344E0}.Release|x64.Build.0 = Release|x64
		{FFE886B2-DD8B-4A51-92D6-7865220344E0}.Release|x64.Deploy.0 = Release|x64
		{FFE886B2-DD8B-4A51-92D6-7865220344E0}.Release|x86.ActiveCfg = Release|x86
		{FFE886B2-DD8B-4A51-92D6-7865220344E0}.Release|x86.Build.0 = Release|x86
		{FFE886B2-DD8B-4A51-92D6-7865220344E0}.Release|x86.Deploy.0 = Release|x86
		{BBE49318-2DDE-4B97-A97E-DA03D5CA4F05}.Ad-Hoc|Any CPU.ActiveCfg = Ad-Hoc|iPhone
		{BBE49318-2DDE-4B97-A97E-DA03D5CA4F05}.Ad-Hoc|ARM.ActiveCfg = Ad-Hoc|iPhone
		{BBE49318-2DDE-4B97-A97E-DA03D5CA4F05}.Ad-Hoc|iPhone.ActiveCfg = Ad-Hoc|iPhone
		{BBE49318-2DDE-4B97-A97E-DA03D5CA4F05}.Ad-Hoc|iPhone.Build.0 = Ad-Hoc|iPhone
		{BBE49318-2DDE-4B97-A97E-DA03D5CA4F05}.Ad-Hoc|iPhoneSimulator.ActiveCfg = Ad-Hoc|iPhoneSimulator
		{BBE49318-2DDE-4B97-A97E-DA03D5CA4F05}.Ad-Hoc|iPhoneSimulator.Build.0 = Ad-Hoc|iPhoneSimulator
		{BBE49318-2DDE-4B97-A97E-DA03D5CA4F05}.Ad-Hoc|x64.ActiveCfg = Ad-Hoc|iPhone
		{BBE49318-2DDE-4B97-A97E-DA03D5CA4F05}.Ad-Hoc|x86.ActiveCfg = Ad-Hoc|iPhone
		{BBE49318-2DDE-4B97-A97E-DA03D5CA4F05}.AppStore|Any CPU.ActiveCfg = AppStore|iPhone
		{BBE49318-2DDE-4B97-A97E-DA03D5CA4F05}.AppStore|ARM.ActiveCfg = AppStore|iPhone
		{BBE49318-2DDE-4B97-A97E-DA03D5CA4F05}.AppStore|iPhone.ActiveCfg = AppStore|iPhone
		{BBE49318-2DDE-4B97-A97E-DA03D5CA4F05}.AppStore|iPhone.Build.0 = AppStore|iPhone
		{BBE49318-2DDE-4B97-A97E-DA03D5CA4F05}.AppStore|iPhoneSimulator.ActiveCfg = AppStore|iPhoneSimulator
		{BBE49318-2DDE-4B97-A97E-DA03D5CA4F05}.AppStore|iPhoneSimulator.Build.0 = AppStore|iPhoneSimulator
		{BBE49318-2DDE-4B97-A97E-DA03D5CA4F05}.AppStore|x64.ActiveCfg = AppStore|iPhone
		{BBE49318-2DDE-4B97-A97E-DA03D5CA4F05}.AppStore|x86.ActiveCfg = AppStore|iPhone
		{BBE49318-2DDE-4B97-A97E-DA03D5CA4F05}.Debug|Any CPU.ActiveCfg = Debug|iPhone
		{BBE49318-2DDE-4B97-A97E-DA03D5CA4F05}.Debug|ARM.ActiveCfg = Debug|iPhone
		{BBE49318-2DDE-4B97-A97E-DA03D5CA4F05}.Debug|iPhone.ActiveCfg = Debug|iPhone
		{BBE49318-2DDE-4B97-A97E-DA03D5CA4F05}.Debug|iPhone.Build.0 = Debug|iPhone
		{BBE49318-2DDE-4B97-A97E-DA03D5CA4F05}.Debug|iPhoneSimulator.ActiveCfg = Debug|iPhoneSimulator
		{BBE49318-2DDE-4B97-A97E-DA03D5CA4F05}.Debug|iPhoneSimulator.Build.0 = Debug|iPhoneSimulator
		{BBE49318-2DDE-4B97-A97E-DA03D5CA4F05}.Debug|x64.ActiveCfg = Debug|iPhone
		{BBE49318-2DDE-4B97-A97E-DA03D5CA4F05}.Debug|x86.ActiveCfg = Debug|iPhone
		{BBE49318-2DDE-4B97-A97E-DA03D5CA4F05}.Release|Any CPU.ActiveCfg = Release|iPhone
		{BBE49318-2DDE-4B97-A97E-DA03D5CA4F05}.Release|ARM.ActiveCfg = Release|iPhone
		{BBE49318-2DDE-4B97-A97E-DA03D5CA4F05}.Release|iPhone.ActiveCfg = Release|iPhone
		{BBE49318-2DDE-4B97-A97E-DA03D5CA4F05}.Release|iPhone.Build.0 = Release|iPhone
		{BBE49318-2DDE-4B97-A97E-DA03D5CA4F05}.Release|iPhoneSimulator.ActiveCfg = Release|iPhoneSimulator
		{BBE49318-2DDE-4B97-A97E-DA03D5CA4F05}.Release|iPhoneSimulator.Build.0 = Release|iPhoneSimulator
		{BBE49318-2DDE-4B97-A97E-DA03D5CA4F05}.Release|x64.ActiveCfg = Release|iPhone
		{BBE49318-2DDE-4B97-A97E-DA03D5CA4F05}.Release|x86.ActiveCfg = Release|iPhone
	EndGlobalSection
	GlobalSection(SolutionProperties) = preSolution
		HideSolutionNode = FALSE
	EndGlobalSection
	GlobalSection(ExtensibilityGlobals) = postSolution
		SolutionGuid = {623A5F7A-B9FB-4B1E-887B-A36D23E7FE69}
	EndGlobalSection
EndGlobal
